
Microsoft Visual Studio Solution File, Format Version 12.00
# Visual Studio Version 17
VisualStudioVersion = 17.8.34309.116
MinimumVisualStudioVersion = 10.0.40219.1
Project("{FAE04EC0-301F-11D3-BF4B-00C04F79EFBC}") = "ConfigWebAPI", "ConfigWebAPI\ConfigWebAPI.csproj", "{DC9BC6FF-2CCF-441A-B5FD-F39C016FBF4C}"
EndProject
Global
	GlobalSection(SolutionConfigurationPlatforms) = preSolution
		Debug|Any CPU = Debug|Any CPU
		Release|Any CPU = Release|Any CPU
	EndGlobalSection
	GlobalSection(ProjectConfigurationPlatforms) = postSolution
		{DC9BC6FF-2CCF-441A-B5FD-F39C016FBF4C}.Debug|Any CPU.ActiveCfg = Debug|Any CPU
		{DC9BC6FF-2CCF-441A-B5FD-F39C016FBF4C}.Debug|Any CPU.Build.0 = Debug|Any CPU
		{DC9BC6FF-2CCF-441A-B5FD-F39C016FBF4C}.Release|Any CPU.ActiveCfg = Release|Any CPU
		{DC9BC6FF-2CCF-441A-B5FD-F39C016FBF4C}.Release|Any CPU.Build.0 = Release|Any CPU
	EndGlobalSection
	GlobalSection(SolutionProperties) = preSolution
		HideSolutionNode = FALSE
	EndGlobalSection
	GlobalSection(ExtensibilityGlobals) = postSolution
		SolutionGuid = {D488FFCC-E11E-4EF5-B401-23CF4245BCF7}
	EndGlobalSection
EndGlobal
